<?xml version="1.0" encoding="utf-8"?>
<Project ToolsVersion="17.0" xmlns="http://schemas.microsoft.com/developer/msbuild/2003">
  <ItemGroup>
    <ClCompile Include="C:\Users\Hu\Desktop\论文\CED_schedule_Final\src\main.cpp">
      <Filter>Source Files</Filter>
    </ClCompile>
    <ClCompile Include="C:\Users\Hu\Desktop\论文\CED_schedule_Final\src\Multimethod.cpp">
      <Filter>Source Files</Filter>
    </ClCompile>
    <ClCompile Include="C:\Users\Hu\Desktop\论文\CED_schedule_Final\src\Problems.cpp">
      <Filter>Source Files</Filter>
    </ClCompile>
    <ClCompile Include="C:\Users\Hu\Desktop\论文\CED_schedule_Final\src\CC_HIHH_singleisland.cpp">
      <Filter>Source Files</Filter>
    </ClCompile>
    <ClCompile Include="C:\Users\Hu\Desktop\论文\CED_schedule_Final\src\GA_SLHH.cpp">
      <Filter>Source Files</Filter>
    </ClCompile>
    <ClCompile Include="C:\Users\Hu\Desktop\论文\CED_schedule_Final\src\QPHH.cpp">
      <Filter>Source Files</Filter>
    </ClCompile>
  </ItemGroup>
  <ItemGroup>
    <ClInclude Include="C:\Users\Hu\Desktop\论文\CED_schedule_Final\include\Multimethod.h">
      <Filter>Header Files</Filter>
    </ClInclude>
    <ClInclude Include="C:\Users\Hu\Desktop\论文\CED_schedule_Final\include\Population.h">
      <Filter>Header Files</Filter>
    </ClInclude>
    <ClInclude Include="C:\Users\Hu\Desktop\论文\CED_schedule_Final\include\Problems.h">
      <Filter>Header Files</Filter>
    </ClInclude>
    <ClInclude Include="C:\Users\Hu\Desktop\论文\CED_schedule_Final\include\Workspace.h">
      <Filter>Header Files</Filter>
    </ClInclude>
    <ClInclude Include="C:\Users\Hu\Desktop\论文\CED_schedule_Final\include\CC_HIHH.h">
      <Filter>Header Files</Filter>
    </ClInclude>
    <ClInclude Include="C:\Users\Hu\Desktop\论文\CED_schedule_Final\include\GA_SLHH.h">
      <Filter>Header Files</Filter>
    </ClInclude>
    <ClInclude Include="C:\Users\Hu\Desktop\论文\CED_schedule_Final\include\QPHH.h">
      <Filter>Header Files</Filter>
    </ClInclude>
    <ClInclude Include="C:\Users\Hu\Desktop\论文\CED_schedule_Final\include\Rng.h">
      <Filter>Header Files</Filter>
    </ClInclude>
  </ItemGroup>
  <ItemGroup>
    <CustomBuild Include="C:\Users\Hu\Desktop\论文\CED_schedule_Final\CMakeLists.txt" />
  </ItemGroup>
  <ItemGroup>
    <Filter Include="Header Files">
      <UniqueIdentifier>{CF316F2C-B8C8-3C58-B474-1946FD70CC79}</UniqueIdentifier>
    </Filter>
    <Filter Include="Source Files">
      <UniqueIdentifier>{C1D757F1-9D7E-3DED-9C07-563A89B7F01E}</UniqueIdentifier>
    </Filter>
  </ItemGroup>
</Project>
