<?xml version="1.0" encoding="utf-8"?>
<Project ToolsVersion="17.0" xmlns="http://schemas.microsoft.com/developer/msbuild/2003">
  <ItemGroup>
    <ClCompile Include="C:\Users\Hu\Desktop\论文\CED_schedule_Final\src\main.cpp">
      <Filter>Source Files</Filter>
    </ClCompile>
    <ClCompile Include="C:\Users\Hu\Desktop\论文\CED_schedule_Final\src\Multimethod.cpp">
      <Filter>Source Files</Filter>
    </ClCompile>
    <ClCompile Include="C:\Users\Hu\Desktop\论文\CED_schedule_Final\src\Problems.cpp">
      <Filter>Source Files</Filter>
    </ClCompile>
    <ClCompile Include="C:\Users\Hu\Desktop\论文\CED_schedule_Final\src\CC_HIHH.cpp">
      <Filter>Source Files</Filter>
    </ClCompile>
    <ClCompile Include="C:\Users\Hu\Desktop\论文\CED_schedule_Final\src\GA_SLHH.cpp">
      <Filter>Source Files</Filter>
    </ClCompile>
  </ItemGroup>
  <ItemGroup>
    <ClInclude Include="C:\Users\Hu\Desktop\论文\CED_schedule_Final\include\Multimethod.h">
      <Filter>Header Files</Filter>
    </ClInclude>
    <ClInclude Include="C:\Users\Hu\Desktop\论文\CED_schedule_Final\include\Population.h">
      <Filter>Header Files</Filter>
    </ClInclude>
    <ClInclude Include="C:\Users\Hu\Desktop\论文\CED_schedule_Final\include\Problems.h">
      <Filter>Header Files</Filter>
    </ClInclude>
    <ClInclude Include="C:\Users\Hu\Desktop\论文\CED_schedule_Final\include\Workspace.h">
      <Filter>Header Files</Filter>
    </ClInclude>
    <ClInclude Include="C:\Users\Hu\Desktop\论文\CED_schedule_Final\include\CC_HIHH.h">
      <Filter>Header Files</Filter>
    </ClInclude>
    <ClInclude Include="C:\Users\Hu\Desktop\论文\CED_schedule_Final\include\GA_SLHH.h">
      <Filter>Header Files</Filter>
    </ClInclude>
    <ClInclude Include="C:\Users\Hu\Desktop\论文\CED_schedule_Final\include\Rng.h">
      <Filter>Header Files</Filter>
    </ClInclude>
  </ItemGroup>
  <ItemGroup>
    <CustomBuild Include="C:\Users\Hu\Desktop\论文\CED_schedule_Final\CMakeLists.txt" />
  </ItemGroup>
  <ItemGroup>
    <Filter Include="Header Files">
      <UniqueIdentifier>{6B087E81-440B-322C-984C-575215DCB2FE}</UniqueIdentifier>
    </Filter>
    <Filter Include="Source Files">
      <UniqueIdentifier>{D2F57CC2-DEFE-335E-AC6D-80D98BA113E5}</UniqueIdentifier>
    </Filter>
  </ItemGroup>
</Project>
