<?xml version="1.0" encoding="utf-8"?>
<Project ToolsVersion="17.0" xmlns="http://schemas.microsoft.com/developer/msbuild/2003">
  <ItemGroup>
    <CustomBuild Include="C:\Users\Hu\Desktop\论文\CED_schedule_Final\build_ppo\CMakeFiles\0c109f44eaa48c1ce73f0f30800f40ac\generate.stamp.rule">
      <Filter>CMake Rules</Filter>
    </CustomBuild>
  </ItemGroup>
  <ItemGroup>
    <Filter Include="CMake Rules">
      <UniqueIdentifier>{2D5AAA35-34B8-3125-B0C6-5CD6EBE5893D}</UniqueIdentifier>
    </Filter>
  </ItemGroup>
</Project>
