<?xml version="1.0" encoding="utf-8"?>
<Project ToolsVersion="17.0" xmlns="http://schemas.microsoft.com/developer/msbuild/2003">
  <ItemGroup>
    <CustomBuild Include="C:\Users\Hu\Desktop\CED_schedule_Final_Branch2_分块+HIHH_Edited_2\CED_schedule_Final_Branch2_分块+HIHH\CED_schedule_Edited\CED_schedule\CED_schedule\CMakeLists.txt" />
  </ItemGroup>
  <ItemGroup>
  </ItemGroup>
</Project>
