
Microsoft Visual Studio Solution File, Format Version 12.00
# Visual Studio Version 17
Project("{8BC9CEB8-8B4A-11D0-8D11-00A0C91BC942}") = "ALL_BUILD", "ALL_BUILD.vcxproj", "{413AACD2-3D0D-3497-A032-4A487488FEE8}"
	ProjectSection(ProjectDependencies) = postProject
		{4AFC3EB5-D393-3780-97E3-70D5D2C23874} = {4AFC3EB5-D393-3780-97E3-70D5D2C23874}
		{5E05C5FC-C8C4-3431-A7CD-C04BB706B540} = {5E05C5FC-C8C4-3431-A7CD-C04BB706B540}
	EndProjectSection
EndProject
Project("{8BC9CEB8-8B4A-11D0-8D11-00A0C91BC942}") = "CED_Schedule", "CED_Schedule.vcxproj", "{4AFC3EB5-D393-3780-97E3-70D5D2C23874}"
	ProjectSection(ProjectDependencies) = postProject
		{5E05C5FC-C8C4-3431-A7CD-C04BB706B540} = {5E05C5FC-C8C4-3431-A7CD-C04BB706B540}
	EndProjectSection
EndProject
Project("{8BC9CEB8-8B4A-11D0-8D11-00A0C91BC942}") = "ZERO_CHECK", "ZERO_CHECK.vcxproj", "{5E05C5FC-C8C4-3431-A7CD-C04BB706B540}"
	ProjectSection(ProjectDependencies) = postProject
	EndProjectSection
EndProject
Global
	GlobalSection(SolutionConfigurationPlatforms) = preSolution
		Debug|x64 = Debug|x64
		Release|x64 = Release|x64
		MinSizeRel|x64 = MinSizeRel|x64
		RelWithDebInfo|x64 = RelWithDebInfo|x64
	EndGlobalSection
	GlobalSection(ProjectConfigurationPlatforms) = postSolution
		{413AACD2-3D0D-3497-A032-4A487488FEE8}.Debug|x64.ActiveCfg = Debug|x64
		{413AACD2-3D0D-3497-A032-4A487488FEE8}.Release|x64.ActiveCfg = Release|x64
		{413AACD2-3D0D-3497-A032-4A487488FEE8}.MinSizeRel|x64.ActiveCfg = MinSizeRel|x64
		{413AACD2-3D0D-3497-A032-4A487488FEE8}.RelWithDebInfo|x64.ActiveCfg = RelWithDebInfo|x64
		{4AFC3EB5-D393-3780-97E3-70D5D2C23874}.Debug|x64.ActiveCfg = Debug|x64
		{4AFC3EB5-D393-3780-97E3-70D5D2C23874}.Debug|x64.Build.0 = Debug|x64
		{4AFC3EB5-D393-3780-97E3-70D5D2C23874}.Release|x64.ActiveCfg = Release|x64
		{4AFC3EB5-D393-3780-97E3-70D5D2C23874}.Release|x64.Build.0 = Release|x64
		{4AFC3EB5-D393-3780-97E3-70D5D2C23874}.MinSizeRel|x64.ActiveCfg = MinSizeRel|x64
		{4AFC3EB5-D393-3780-97E3-70D5D2C23874}.MinSizeRel|x64.Build.0 = MinSizeRel|x64
		{4AFC3EB5-D393-3780-97E3-70D5D2C23874}.RelWithDebInfo|x64.ActiveCfg = RelWithDebInfo|x64
		{4AFC3EB5-D393-3780-97E3-70D5D2C23874}.RelWithDebInfo|x64.Build.0 = RelWithDebInfo|x64
		{5E05C5FC-C8C4-3431-A7CD-C04BB706B540}.Debug|x64.ActiveCfg = Debug|x64
		{5E05C5FC-C8C4-3431-A7CD-C04BB706B540}.Debug|x64.Build.0 = Debug|x64
		{5E05C5FC-C8C4-3431-A7CD-C04BB706B540}.Release|x64.ActiveCfg = Release|x64
		{5E05C5FC-C8C4-3431-A7CD-C04BB706B540}.Release|x64.Build.0 = Release|x64
		{5E05C5FC-C8C4-3431-A7CD-C04BB706B540}.MinSizeRel|x64.ActiveCfg = MinSizeRel|x64
		{5E05C5FC-C8C4-3431-A7CD-C04BB706B540}.MinSizeRel|x64.Build.0 = MinSizeRel|x64
		{5E05C5FC-C8C4-3431-A7CD-C04BB706B540}.RelWithDebInfo|x64.ActiveCfg = RelWithDebInfo|x64
		{5E05C5FC-C8C4-3431-A7CD-C04BB706B540}.RelWithDebInfo|x64.Build.0 = RelWithDebInfo|x64
	EndGlobalSection
	GlobalSection(ExtensibilityGlobals) = postSolution
		SolutionGuid = {4B69A884-240A-3B88-A12E-B0308BB57890}
	EndGlobalSection
	GlobalSection(ExtensibilityAddIns) = postSolution
	EndGlobalSection
EndGlobal
