<?xml version="1.0" encoding="utf-8"?>
<Project ToolsVersion="17.0" xmlns="http://schemas.microsoft.com/developer/msbuild/2003">
  <ItemGroup>
    <ClCompile Include="C:\Users\Hu\Desktop\论文\CED_schedule_Final\src\main.cpp">
      <Filter>Source Files</Filter>
    </ClCompile>
    <ClCompile Include="C:\Users\Hu\Desktop\论文\CED_schedule_Final\src\Multimethod.cpp">
      <Filter>Source Files</Filter>
    </ClCompile>
    <ClCompile Include="C:\Users\Hu\Desktop\论文\CED_schedule_Final\src\Problems.cpp">
      <Filter>Source Files</Filter>
    </ClCompile>
    <ClCompile Include="C:\Users\Hu\Desktop\论文\CED_schedule_Final\src\CC_HIHH_singleisland.cpp">
      <Filter>Source Files</Filter>
    </ClCompile>
    <ClCompile Include="C:\Users\Hu\Desktop\论文\CED_schedule_Final\src\GA_SLHH.cpp">
      <Filter>Source Files</Filter>
    </ClCompile>
    <ClCompile Include="C:\Users\Hu\Desktop\论文\CED_schedule_Final\src\QPHH.cpp">
      <Filter>Source Files</Filter>
    </ClCompile>
    <ClCompile Include="C:\Users\Hu\Desktop\论文\CED_schedule_Final\src\IMOMA.cpp">
      <Filter>Source Files</Filter>
    </ClCompile>
    <ClCompile Include="C:\Users\Hu\Desktop\论文\CED_schedule_Final\src\CGA.cpp">
      <Filter>Source Files</Filter>
    </ClCompile>
  </ItemGroup>
  <ItemGroup>
    <ClInclude Include="C:\Users\Hu\Desktop\论文\CED_schedule_Final\include\Multimethod.h">
      <Filter>Header Files</Filter>
    </ClInclude>
    <ClInclude Include="C:\Users\Hu\Desktop\论文\CED_schedule_Final\include\Population.h">
      <Filter>Header Files</Filter>
    </ClInclude>
    <ClInclude Include="C:\Users\Hu\Desktop\论文\CED_schedule_Final\include\Problems.h">
      <Filter>Header Files</Filter>
    </ClInclude>
    <ClInclude Include="C:\Users\Hu\Desktop\论文\CED_schedule_Final\include\Workspace.h">
      <Filter>Header Files</Filter>
    </ClInclude>
    <ClInclude Include="C:\Users\Hu\Desktop\论文\CED_schedule_Final\include\CC_HIHH.h">
      <Filter>Header Files</Filter>
    </ClInclude>
    <ClInclude Include="C:\Users\Hu\Desktop\论文\CED_schedule_Final\include\GA_SLHH.h">
      <Filter>Header Files</Filter>
    </ClInclude>
    <ClInclude Include="C:\Users\Hu\Desktop\论文\CED_schedule_Final\include\QPHH.h">
      <Filter>Header Files</Filter>
    </ClInclude>
    <ClInclude Include="C:\Users\Hu\Desktop\论文\CED_schedule_Final\include\IMOMA.h">
      <Filter>Header Files</Filter>
    </ClInclude>
    <ClInclude Include="C:\Users\Hu\Desktop\论文\CED_schedule_Final\include\CGA.h">
      <Filter>Header Files</Filter>
    </ClInclude>
    <ClInclude Include="C:\Users\Hu\Desktop\论文\CED_schedule_Final\include\Rng.h">
      <Filter>Header Files</Filter>
    </ClInclude>
  </ItemGroup>
  <ItemGroup>
    <CustomBuild Include="C:\Users\Hu\Desktop\论文\CED_schedule_Final\CMakeLists.txt" />
  </ItemGroup>
  <ItemGroup>
    <Filter Include="Header Files">
      <UniqueIdentifier>{E891BF13-2B58-35C7-B36F-D143EE01B89B}</UniqueIdentifier>
    </Filter>
    <Filter Include="Source Files">
      <UniqueIdentifier>{68203EA0-81C5-3517-8045-4FBCA7E6C78B}</UniqueIdentifier>
    </Filter>
  </ItemGroup>
</Project>
