<?xml version="1.0" encoding="utf-8"?>
<Project ToolsVersion="17.0" xmlns="http://schemas.microsoft.com/developer/msbuild/2003">
  <ItemGroup>
    <ClCompile Include="C:\Users\Hu\Desktop\论文\CED_schedule_Final\src\main.cpp">
      <Filter>Source Files</Filter>
    </ClCompile>
    <ClCompile Include="C:\Users\Hu\Desktop\论文\CED_schedule_Final\src\Multimethod.cpp">
      <Filter>Source Files</Filter>
    </ClCompile>
    <ClCompile Include="C:\Users\Hu\Desktop\论文\CED_schedule_Final\src\Problems.cpp">
      <Filter>Source Files</Filter>
    </ClCompile>
    <ClCompile Include="C:\Users\Hu\Desktop\论文\CED_schedule_Final\src\CC_HIHH.cpp">
      <Filter>Source Files</Filter>
    </ClCompile>
    <ClCompile Include="C:\Users\Hu\Desktop\论文\CED_schedule_Final\src\GA_SLHH.cpp">
      <Filter>Source Files</Filter>
    </ClCompile>
  </ItemGroup>
  <ItemGroup>
    <ClInclude Include="C:\Users\Hu\Desktop\论文\CED_schedule_Final\include\Multimethod.h">
      <Filter>Header Files</Filter>
    </ClInclude>
    <ClInclude Include="C:\Users\Hu\Desktop\论文\CED_schedule_Final\include\Population.h">
      <Filter>Header Files</Filter>
    </ClInclude>
    <ClInclude Include="C:\Users\Hu\Desktop\论文\CED_schedule_Final\include\Problems.h">
      <Filter>Header Files</Filter>
    </ClInclude>
    <ClInclude Include="C:\Users\Hu\Desktop\论文\CED_schedule_Final\include\Workspace.h">
      <Filter>Header Files</Filter>
    </ClInclude>
    <ClInclude Include="C:\Users\Hu\Desktop\论文\CED_schedule_Final\include\CC_HIHH.h">
      <Filter>Header Files</Filter>
    </ClInclude>
    <ClInclude Include="C:\Users\Hu\Desktop\论文\CED_schedule_Final\include\GA_SLHH.h">
      <Filter>Header Files</Filter>
    </ClInclude>
    <ClInclude Include="C:\Users\Hu\Desktop\论文\CED_schedule_Final\include\Rng.h">
      <Filter>Header Files</Filter>
    </ClInclude>
  </ItemGroup>
  <ItemGroup>
    <CustomBuild Include="C:\Users\Hu\Desktop\论文\CED_schedule_Final\CMakeLists.txt" />
  </ItemGroup>
  <ItemGroup>
    <Filter Include="Header Files">
      <UniqueIdentifier>{3123880A-632C-3BB1-A921-8A150FD51F0A}</UniqueIdentifier>
    </Filter>
    <Filter Include="Source Files">
      <UniqueIdentifier>{1BC6C3B8-85A6-3A08-A673-18EA204F6645}</UniqueIdentifier>
    </Filter>
  </ItemGroup>
</Project>
